// !$*UTF8*$!
{
	archiveVersion = 1;
	classes = {
	};
	objectVersion = 50;
	objects = {

/* Begin PBXBuildFile section */
		DC6D5B7022078A4200ED3C1E /* AppDelegate.swift in Sources */ = {isa = PBXBuildFile; fileRef = DC6D5B6F22078A4200ED3C1E /* AppDelegate.swift */; };
		DC6D5B7222078A4200ED3C1E /* ViewController.swift in Sources */ = {isa = PBXBuildFile; fileRef = DC6D5B7122078A4200ED3C1E /* ViewController.swift */; };
		DC6D5B7522078A4200ED3C1E /* Main.storyboard in Resources */ = {isa = PBXBuildFile; fileRef = DC6D5B7322078A4200ED3C1E /* Main.storyboard */; };
		DC6D5B7722078A4300ED3C1E /* Assets.xcassets in Resources */ = {isa = PBXBuildFile; fileRef = DC6D5B7622078A4300ED3C1E /* Assets.xcassets */; };
		DC6D5B7A22078A4300ED3C1E /* LaunchScreen.storyboard in Resources */ = {isa = PBXBuildFile; fileRef = DC6D5B7822078A4300ED3C1E /* LaunchScreen.storyboard */; };
		DC6D5B8522078A4300ED3C1E /* TipAppTests.swift in Sources */ = {isa = PBXBuildFile; fileRef = DC6D5B8422078A4300ED3C1E /* TipAppTests.swift */; };
		DC6D5B9022078A4300ED3C1E /* TipAppUITests.swift in Sources */ = {isa = PBXBuildFile; fileRef = DC6D5B8F22078A4300ED3C1E /* TipAppUITests.swift */; };
/* End PBXBuildFile section */

/* Begin PBXContainerItemProxy section */
		DC6D5B8122078A4300ED3C1E /* PBXContainerItemProxy */ = {
			isa = PBXContainerItemProxy;
			containerPortal = DC6D5B6422078A4200ED3C1E /* Project object */;
			proxyType = 1;
			remoteGlobalIDString = DC6D5B6B22078A4200ED3C1E;
			remoteInfo = TipApp;
		};
		DC6D5B8C22078A4300ED3C1E /* PBXContainerItemProxy */ = {
			isa = PBXContainerItemProxy;
			containerPortal = DC6D5B6422078A4200ED3C1E /* Project object */;
			proxyType = 1;
			remoteGlobalIDString = DC6D5B6B22078A4200ED3C1E;
			remoteInfo = TipApp;
		};
/* End PBXContainerItemProxy section */

/* Begin PBXFileReference section */
		DC6D5B6C22078A4200ED3C1E /* TipApp.app */ = {isa = PBXFileReference; explicitFileType = wrapper.application; includeInIndex = 0; path = TipApp.app; sourceTree = BUILT_PRODUCTS_DIR; };
		DC6D5B6F22078A4200ED3C1E /* AppDelegate.swift */ = {isa = PBXFileReference; lastKnownFileType = sourcecode.swift; path = AppDelegate.swift; sourceTree = "<group>"; };
		DC6D5B7122078A4200ED3C1E /* ViewController.swift */ = {isa = PBXFileReference; lastKnownFileType = sourcecode.swift; path = ViewController.swift; sourceTree = "<group>"; };
		DC6D5B7422078A4200ED3C1E /* Base */ = {isa = PBXFileReference; lastKnownFileType = file.storyboard; name = Base; path = Base.lproj/Main.storyboard; sourceTree = "<group>"; };
		DC6D5B7622078A4300ED3C1E /* Assets.xcassets */ = {isa = PBXFileReference; lastKnownFileType = folder.assetcatalog; path = Assets.xcassets; sourceTree = "<group>"; };
		DC6D5B7922078A4300ED3C1E /* Base */ = {isa = PBXFileReference; lastKnownFileType = file.storyboard; name = Base; path = Base.lproj/LaunchScreen.storyboard; sourceTree = "<group>"; };
		DC6D5B7B22078A4300ED3C1E /* Info.plist */ = {isa = PBXFileReference; lastKnownFileType = text.plist.xml; path = Info.plist; sourceTree = "<group>"; };
		DC6D5B8022078A4300ED3C1E /* TipAppTests.xctest */ = {isa = PBXFileReference; explicitFileType = wrapper.cfbundle; includeInIndex = 0; path = TipAppTests.xctest; sourceTree = BUILT_PRODUCTS_DIR; };
		DC6D5B8422078A4300ED3C1E /* TipAppTests.swift */ = {isa = PBXFileReference; lastKnownFileType = sourcecode.swift; path = TipAppTests.swift; sourceTree = "<group>"; };
		DC6D5B8622078A4300ED3C1E /* Info.plist */ = {isa = PBXFileReference; lastKnownFileType = text.plist.xml; path = Info.plist; sourceTree = "<group>"; };
		DC6D5B8B22078A4300ED3C1E /* TipAppUITests.xctest */ = {isa = PBXFileReference; explicitFileType = wrapper.cfbundle; includeInIndex = 0; path = TipAppUITests.xctest; sourceTree = BUILT_PRODUCTS_DIR; };
		DC6D5B8F22078A4300ED3C1E /* TipAppUITests.swift */ = {isa = PBXFileReference; lastKnownFileType = sourcecode.swift; path = TipAppUITests.swift; sourceTree = "<group>"; };
		DC6D5B9122078A4300ED3C1E /* Info.plist */ = {isa = PBXFileReference; lastKnownFileType = text.plist.xml; path = Info.plist; sourceTree = "<group>"; };
/* End PBXFileReference section */

/* Begin PBXFrameworksBuildPhase section */
		DC6D5B6922078A4200ED3C1E /* Frameworks */ = {
			isa = PBXFrameworksBuildPhase;
			buildActionMask = 2147483647;
			files = (
			);
			runOnlyForDeploymentPostprocessing = 0;
		};
		DC6D5B7D22078A4300ED3C1E /* Frameworks */ = {
			isa = PBXFrameworksBuildPhase;
			buildActionMask = 2147483647;
			files = (
			);
			runOnlyForDeploymentPostprocessing = 0;
		};
		DC6D5B8822078A4300ED3C1E /* Frameworks */ = {
			isa = PBXFrameworksBuildPhase;
			buildActionMask = 2147483647;
			files = (
			);
			runOnlyForDeploymentPostprocessing = 0;
		};
/* End PBXFrameworksBuildPhase section */

/* Begin PBXGroup section */
		DC6D5B6322078A4200ED3C1E = {
			isa = PBXGroup;
			children = (
				DC6D5B6E22078A4200ED3C1E /* TipApp */,
				DC6D5B8322078A4300ED3C1E /* TipAppTests */,
				DC6D5B8E22078A4300ED3C1E /* TipAppUITests */,
				DC6D5B6D22078A4200ED3C1E /* Products */,
			);
			sourceTree = "<group>";
		};
		DC6D5B6D22078A4200ED3C1E /* Products */ = {
			isa = PBXGroup;
			children = (
				DC6D5B6C22078A4200ED3C1E /* TipApp.app */,
				DC6D5B8022078A4300ED3C1E /* TipAppTests.xctest */,
				DC6D5B8B22078A4300ED3C1E /* TipAppUITests.xctest */,
			);
			name = Products;
			sourceTree = "<group>";
		};
		DC6D5B6E22078A4200ED3C1E /* TipApp */ = {
			isa = PBXGroup;
			children = (
				DC6D5B6F22078A4200ED3C1E /* AppDelegate.swift */,
				DC6D5B7122078A4200ED3C1E /* ViewController.swift */,
				DC6D5B7322078A4200ED3C1E /* Main.storyboard */,
				DC6D5B7622078A4300ED3C1E /* Assets.xcassets */,
				DC6D5B7822078A4300ED3C1E /* LaunchScreen.storyboard */,
				DC6D5B7B22078A4300ED3C1E /* Info.plist */,
			);
			path = TipApp;
			sourceTree = "<group>";
		};
		DC6D5B8322078A4300ED3C1E /* TipAppTests */ = {
			isa = PBXGroup;
			children = (
				DC6D5B8422078A4300ED3C1E /* TipAppTests.swift */,
				DC6D5B8622078A4300ED3C1E /* Info.plist */,
			);
			path = TipAppTests;
			sourceTree = "<group>";
		};
		DC6D5B8E22078A4300ED3C1E /* TipAppUITests */ = {
			isa = PBXGroup;
			children = (
				DC6D5B8F22078A4300ED3C1E /* TipAppUITests.swift */,
				DC6D5B9122078A4300ED3C1E /* Info.plist */,
			);
			path = TipAppUITests;
			sourceTree = "<group>";
		};
/* End PBXGroup section */

/* Begin PBXNativeTarget section */
		DC6D5B6B22078A4200ED3C1E /* TipApp */ = {
			isa = PBXNativeTarget;
			buildConfigurationList = DC6D5B9422078A4300ED3C1E /* Build configuration list for PBXNativeTarget "TipApp" */;
			buildPhases = (
				DC6D5B6822078A4200ED3C1E /* Sources */,
				DC6D5B6922078A4200ED3C1E /* Frameworks */,
				DC6D5B6A22078A4200ED3C1E /* Resources */,
			);
			buildRules = (
			);
			dependencies = (
			);
			name = TipApp;
			productName = TipApp;
			productReference = DC6D5B6C22078A4200ED3C1E /* TipApp.app */;
			productType = "com.apple.product-type.application";
		};
		DC6D5B7F22078A4300ED3C1E /* TipAppTests */ = {
			isa = PBXNativeTarget;
			buildConfigurationList = DC6D5B9722078A4300ED3C1E /* Build configuration list for PBXNativeTarget "TipAppTests" */;
			buildPhases = (
				DC6D5B7C22078A4300ED3C1E /* Sources */,
				DC6D5B7D22078A4300ED3C1E /* Frameworks */,
				DC6D5B7E22078A4300ED3C1E /* Resources */,
			);
			buildRules = (
			);
			dependencies = (
				DC6D5B8222078A4300ED3C1E /* PBXTargetDependency */,
			);
			name = TipAppTests;
			productName = TipAppTests;
			productReference = DC6D5B8022078A4300ED3C1E /* TipAppTests.xctest */;
			productType = "com.apple.product-type.bundle.unit-test";
		};
		DC6D5B8A22078A4300ED3C1E /* TipAppUITests */ = {
			isa = PBXNativeTarget;
			buildConfigurationList = DC6D5B9A22078A4300ED3C1E /* Build configuration list for PBXNativeTarget "TipAppUITests" */;
			buildPhases = (
				DC6D5B8722078A4300ED3C1E /* Sources */,
				DC6D5B8822078A4300ED3C1E /* Frameworks */,
				DC6D5B8922078A4300ED3C1E /* Resources */,
			);
			buildRules = (
			);
			dependencies = (
				DC6D5B8D22078A4300ED3C1E /* PBXTargetDependency */,
			);
			name = TipAppUITests;
			productName = TipAppUITests;
			productReference = DC6D5B8B22078A4300ED3C1E /* TipAppUITests.xctest */;
			productType = "com.apple.product-type.bundle.ui-testing";
		};
/* End PBXNativeTarget section */

/* Begin PBXProject section */
		DC6D5B6422078A4200ED3C1E /* Project object */ = {
			isa = PBXProject;
			attributes = {
				LastSwiftUpdateCheck = 0940;
				LastUpgradeCheck = 0940;
				ORGANIZATIONNAME = "Baillo, Jireh Grace E";
				TargetAttributes = {
					DC6D5B6B22078A4200ED3C1E = {
						CreatedOnToolsVersion = 9.4;
					};
					DC6D5B7F22078A4300ED3C1E = {
						CreatedOnToolsVersion = 9.4;
						TestTargetID = DC6D5B6B22078A4200ED3C1E;
					};
					DC6D5B8A22078A4300ED3C1E = {
						CreatedOnToolsVersion = 9.4;
						TestTargetID = DC6D5B6B22078A4200ED3C1E;
					};
				};
			};
			buildConfigurationList = DC6D5B6722078A4200ED3C1E /* Build configuration list for PBXProject "TipApp" */;
			compatibilityVersion = "Xcode 9.3";
			developmentRegion = en;
			hasScannedForEncodings = 0;
			knownRegions = (
				en,
				Base,
			);
			mainGroup = DC6D5B6322078A4200ED3C1E;
			productRefGroup = DC6D5B6D22078A4200ED3C1E /* Products */;
			projectDirPath = "";
			projectRoot = "";
			targets = (
				DC6D5B6B22078A4200ED3C1E /* TipApp */,
				DC6D5B7F22078A4300ED3C1E /* TipAppTests */,
				DC6D5B8A22078A4300ED3C1E /* TipAppUITests */,
			);
		};
/* End PBXProject section */

/* Begin PBXResourcesBuildPhase section */
		DC6D5B6A22078A4200ED3C1E /* Resources */ = {
			isa = PBXResourcesBuildPhase;
			buildActionMask = 2147483647;
			files = (
				DC6D5B7A22078A4300ED3C1E /* LaunchScreen.storyboard in Resources */,
				DC6D5B7722078A4300ED3C1E /* Assets.xcassets in Resources */,
				DC6D5B7522078A4200ED3C1E /* Main.storyboard in Resources */,
			);
			runOnlyForDeploymentPostprocessing = 0;
		};
		DC6D5B7E22078A4300ED3C1E /* Resources */ = {
			isa = PBXResourcesBuildPhase;
			buildActionMask = 2147483647;
			files = (
			);
			runOnlyForDeploymentPostprocessing = 0;
		};
		DC6D5B8922078A4300ED3C1E /* Resources */ = {
			isa = PBXResourcesBuildPhase;
			buildActionMask = 2147483647;
			files = (
			);
			runOnlyForDeploymentPostprocessing = 0;
		};
/* End PBXResourcesBuildPhase section */

/* Begin PBXSourcesBuildPhase section */
		DC6D5B6822078A4200ED3C1E /* Sources */ = {
			isa = PBXSourcesBuildPhase;
			buildActionMask = 2147483647;
			files = (
				DC6D5B7222078A4200ED3C1E /* ViewController.swift in Sources */,
				DC6D5B7022078A4200ED3C1E /* AppDelegate.swift in Sources */,
			);
			runOnlyForDeploymentPostprocessing = 0;
		};
		DC6D5B7C22078A4300ED3C1E /* Sources */ = {
			isa = PBXSourcesBuildPhase;
			buildActionMask = 2147483647;
			files = (
				DC6D5B8522078A4300ED3C1E /* TipAppTests.swift in Sources */,
			);
			runOnlyForDeploymentPostprocessing = 0;
		};
		DC6D5B8722078A4300ED3C1E /* Sources */ = {
			isa = PBXSourcesBuildPhase;
			buildActionMask = 2147483647;
			files = (
				DC6D5B9022078A4300ED3C1E /* TipAppUITests.swift in Sources */,
			);
			runOnlyForDeploymentPostprocessing = 0;
		};
/* End PBXSourcesBuildPhase section */

/* Begin PBXTargetDependency section */
		DC6D5B8222078A4300ED3C1E /* PBXTargetDependency */ = {
			isa = PBXTargetDependency;
			target = DC6D5B6B22078A4200ED3C1E /* TipApp */;
			targetProxy = DC6D5B8122078A4300ED3C1E /* PBXContainerItemProxy */;
		};
		DC6D5B8D22078A4300ED3C1E /* PBXTargetDependency */ = {
			isa = PBXTargetDependency;
			target = DC6D5B6B22078A4200ED3C1E /* TipApp */;
			targetProxy = DC6D5B8C22078A4300ED3C1E /* PBXContainerItemProxy */;
		};
/* End PBXTargetDependency section */

/* Begin PBXVariantGroup section */
		DC6D5B7322078A4200ED3C1E /* Main.storyboard */ = {
			isa = PBXVariantGroup;
			children = (
				DC6D5B7422078A4200ED3C1E /* Base */,
			);
			name = Main.storyboard;
			sourceTree = "<group>";
		};
		DC6D5B7822078A4300ED3C1E /* LaunchScreen.storyboard */ = {
			isa = PBXVariantGroup;
			children = (
				DC6D5B7922078A4300ED3C1E /* Base */,
			);
			name = LaunchScreen.storyboard;
			sourceTree = "<group>";
		};
/* End PBXVariantGroup section */

/* Begin XCBuildConfiguration section */
		DC6D5B9222078A4300ED3C1E /* Debug */ = {
			isa = XCBuildConfiguration;
			buildSettings = {
				ALWAYS_SEARCH_USER_PATHS = NO;
				CLANG_ANALYZER_NONNULL = YES;
				CLANG_ANALYZER_NUMBER_OBJECT_CONVERSION = YES_AGGRESSIVE;
				CLANG_CXX_LANGUAGE_STANDARD = "gnu++14";
				CLANG_CXX_LIBRARY = "libc++";
				CLANG_ENABLE_MODULES = YES;
				CLANG_ENABLE_OBJC_ARC = YES;
				CLANG_ENABLE_OBJC_WEAK = YES;
				CLANG_WARN_BLOCK_CAPTURE_AUTORELEASING = YES;
				CLANG_WARN_BOOL_CONVERSION = YES;
				CLANG_WARN_COMMA = YES;
				CLANG_WARN_CONSTANT_CONVERSION = YES;
				CLANG_WARN_DEPRECATED_OBJC_IMPLEMENTATIONS = YES;
				CLANG_WARN_DIRECT_OBJC_ISA_USAGE = YES_ERROR;
				CLANG_WARN_DOCUMENTATION_COMMENTS = YES;
				CLANG_WARN_EMPTY_BODY = YES;
				CLANG_WARN_ENUM_CONVERSION = YES;
				CLANG_WARN_INFINITE_RECURSION = YES;
				CLANG_WARN_INT_CONVERSION = YES;
				CLANG_WARN_NON_LITERAL_NULL_CONVERSION = YES;
				CLANG_WARN_OBJC_IMPLICIT_RETAIN_SELF = YES;
				CLANG_WARN_OBJC_LITERAL_CONVERSION = YES;
				CLANG_WARN_OBJC_ROOT_CLASS = YES_ERROR;
				CLANG_WARN_RANGE_LOOP_ANALYSIS = YES;
				CLANG_WARN_STRICT_PROTOTYPES = YES;
				CLANG_WARN_SUSPICIOUS_MOVE = YES;
				CLANG_WARN_UNGUARDED_AVAILABILITY = YES_AGGRESSIVE;
				CLANG_WARN_UNREACHABLE_CODE = YES;
				CLANG_WARN__DUPLICATE_METHOD_MATCH = YES;
				CODE_SIGN_IDENTITY = "iPhone Developer";
				COPY_PHASE_STRIP = NO;
				DEBUG_INFORMATION_FORMAT = dwarf;
				ENABLE_STRICT_OBJC_MSGSEND = YES;
				ENABLE_TESTABILITY = YES;
				GCC_C_LANGUAGE_STANDARD = gnu11;
				GCC_DYNAMIC_NO_PIC = NO;
				GCC_NO_COMMON_BLOCKS = YES;
				GCC_OPTIMIZATION_LEVEL = 0;
				GCC_PREPROCESSOR_DEFINITIONS = (
					"DEBUG=1",
					"$(inherited)",
				);
				GCC_WARN_64_TO_32_BIT_CONVERSION = YES;
				GCC_WARN_ABOUT_RETURN_TYPE = YES_ERROR;
				GCC_WARN_UNDECLARED_SELECTOR = YES;
				GCC_WARN_UNINITIALIZED_AUTOS = YES_AGGRESSIVE;
				GCC_WARN_UNUSED_FUNCTION = YES;
				GCC_WARN_UNUSED_VARIABLE = YES;
				IPHONEOS_DEPLOYMENT_TARGET = 11.4;
				MTL_ENABLE_DEBUG_INFO = YES;
				ONLY_ACTIVE_ARCH = YES;
				SDKROOT = iphoneos;
				SWIFT_ACTIVE_COMPILATION_CONDITIONS = DEBUG;
				SWIFT_OPTIMIZATION_LEVEL = "-Onone";
			};
			name = Debug;
		};
		DC6D5B9322078A4300ED3C1E /* Release */ = {
			isa = XCBuildConfiguration;
			buildSettings = {
				ALWAYS_SEARCH_USER_PATHS = NO;
				CLANG_ANALYZER_NONNULL = YES;
				CLANG_ANALYZER_NUMBER_OBJECT_CONVERSION = YES_AGGRESSIVE;
				CLANG_CXX_LANGUAGE_STANDARD = "gnu++14";
				CLANG_CXX_LIBRARY = "libc++";
				CLANG_ENABLE_MODULES = YES;
				CLANG_ENABLE_OBJC_ARC = YES;
				CLANG_ENABLE_OBJC_WEAK = YES;
				CLANG_WARN_BLOCK_CAPTURE_AUTORELEASING = YES;
				CLANG_WARN_BOOL_CONVERSION = YES;
				CLANG_WARN_COMMA = YES;
				CLANG_WARN_CONSTANT_CONVERSION = YES;
				CLANG_WARN_DEPRECATED_OBJC_IMPLEMENTATIONS = YES;
				CLANG_WARN_DIRECT_OBJC_ISA_USAGE = YES_ERROR;
				CLANG_WARN_DOCUMENTATION_COMMENTS = YES;
				CLANG_WARN_EMPTY_BODY = YES;
				CLANG_WARN_ENUM_CONVERSION = YES;
				CLANG_WARN_INFINITE_RECURSION = YES;
				CLANG_WARN_INT_CONVERSION = YES;
				CLANG_WARN_NON_LITERAL_NULL_CONVERSION = YES;
				CLANG_WARN_OBJC_IMPLICIT_RETAIN_SELF = YES;
				CLANG_WARN_OBJC_LITERAL_CONVERSION = YES;
				CLANG_WARN_OBJC_ROOT_CLASS = YES_ERROR;
				CLANG_WARN_RANGE_LOOP_ANALYSIS = YES;
				CLANG_WARN_STRICT_PROTOTYPES = YES;
				CLANG_WARN_SUSPICIOUS_MOVE = YES;
				CLANG_WARN_UNGUARDED_AVAILABILITY = YES_AGGRESSIVE;
				CLANG_WARN_UNREACHABLE_CODE = YES;
				CLANG_WARN__DUPLICATE_METHOD_MATCH = YES;
				CODE_SIGN_IDENTITY = "iPhone Developer";
				COPY_PHASE_STRIP = NO;
				DEBUG_INFORMATION_FORMAT = "dwarf-with-dsym";
				ENABLE_NS_ASSERTIONS = NO;
				ENABLE_STRICT_OBJC_MSGSEND = YES;
				GCC_C_LANGUAGE_STANDARD = gnu11;
				GCC_NO_COMMON_BLOCKS = YES;
				GCC_WARN_64_TO_32_BIT_CONVERSION = YES;
				GCC_WARN_ABOUT_RETURN_TYPE = YES_ERROR;
				GCC_WARN_UNDECLARED_SELECTOR = YES;
				GCC_WARN_UNINITIALIZED_AUTOS = YES_AGGRESSIVE;
				GCC_WARN_UNUSED_FUNCTION = YES;
				GCC_WARN_UNUSED_VARIABLE = YES;
				IPHONEOS_DEPLOYMENT_TARGET = 11.4;
				MTL_ENABLE_DEBUG_INFO = NO;
				SDKROOT = iphoneos;
				SWIFT_COMPILATION_MODE = wholemodule;
				SWIFT_OPTIMIZATION_LEVEL = "-O";
				VALIDATE_PRODUCT = YES;
			};
			name = Release;
		};
		DC6D5B9522078A4300ED3C1E /* Debug */ = {
			isa = XCBuildConfiguration;
			buildSettings = {
				ASSETCATALOG_COMPILER_APPICON_NAME = AppIcon;
				CODE_SIGN_STYLE = Automatic;
				DEVELOPMENT_TEAM = 4JQAZA78RJ;
				INFOPLIST_FILE = TipApp/Info.plist;
				LD_RUNPATH_SEARCH_PATHS = (
					"$(inherited)",
					"@executable_path/Frameworks",
				);
				PRODUCT_BUNDLE_IDENTIFIER = CodePathProject1.TipApp;
				PRODUCT_NAME = "$(TARGET_NAME)";
				SWIFT_VERSION = 4.0;
				TARGETED_DEVICE_FAMILY = "1,2";
			};
			name = Debug;
		};
		DC6D5B9622078A4300ED3C1E /* Release */ = {
			isa = XCBuildConfiguration;
			buildSettings = {
				ASSETCATALOG_COMPILER_APPICON_NAME = AppIcon;
				CODE_SIGN_STYLE = Automatic;
				DEVELOPMENT_TEAM = 4JQAZA78RJ;
				INFOPLIST_FILE = TipApp/Info.plist;
				LD_RUNPATH_SEARCH_PATHS = (
					"$(inherited)",
					"@executable_path/Frameworks",
				);
				PRODUCT_BUNDLE_IDENTIFIER = CodePathProject1.TipApp;
				PRODUCT_NAME = "$(TARGET_NAME)";
				SWIFT_VERSION = 4.0;
				TARGETED_DEVICE_FAMILY = "1,2";
			};
			name = Release;
		};
		DC6D5B9822078A4300ED3C1E /* Debug */ = {
			isa = XCBuildConfiguration;
			buildSettings = {
				ALWAYS_EMBED_SWIFT_STANDARD_LIBRARIES = YES;
				BUNDLE_LOADER = "$(TEST_HOST)";
				CODE_SIGN_STYLE = Automatic;
				DEVELOPMENT_TEAM = 4JQAZA78RJ;
				INFOPLIST_FILE = TipAppTests/Info.plist;
				LD_RUNPATH_SEARCH_PATHS = (
					"$(inherited)",
					"@executable_path/Frameworks",
					"@loader_path/Frameworks",
				);
				PRODUCT_BUNDLE_IDENTIFIER = CodePathProject1.TipAppTests;
				PRODUCT_NAME = "$(TARGET_NAME)";
				SWIFT_VERSION = 4.0;
				TARGETED_DEVICE_FAMILY = "1,2";
				TEST_HOST = "$(BUILT_PRODUCTS_DIR)/TipApp.app/TipApp";
			};
			name = Debug;
		};
		DC6D5B9922078A4300ED3C1E /* Release */ = {
			isa = XCBuildConfiguration;
			buildSettings = {
				ALWAYS_EMBED_SWIFT_STANDARD_LIBRARIES = YES;
				BUNDLE_LOADER = "$(TEST_HOST)";
				CODE_SIGN_STYLE = Automatic;
				DEVELOPMENT_TEAM = 4JQAZA78RJ;
				INFOPLIST_FILE = TipAppTests/Info.plist;
				LD_RUNPATH_SEARCH_PATHS = (
					"$(inherited)",
					"@executable_path/Frameworks",
					"@loader_path/Frameworks",
				);
				PRODUCT_BUNDLE_IDENTIFIER = CodePathProject1.TipAppTests;
				PRODUCT_NAME = "$(TARGET_NAME)";
				SWIFT_VERSION = 4.0;
				TARGETED_DEVICE_FAMILY = "1,2";
				TEST_HOST = "$(BUILT_PRODUCTS_DIR)/TipApp.app/TipApp";
			};
			name = Release;
		};
		DC6D5B9B22078A4300ED3C1E /* Debug */ = {
			isa = XCBuildConfiguration;
			buildSettings = {
				ALWAYS_EMBED_SWIFT_STANDARD_LIBRARIES = YES;
				CODE_SIGN_STYLE = Automatic;
				DEVELOPMENT_TEAM = 4JQAZA78RJ;
				INFOPLIST_FILE = TipAppUITests/Info.plist;
				LD_RUNPATH_SEARCH_PATHS = (
					"$(inherited)",
					"@executable_path/Frameworks",
					"@loader_path/Frameworks",
				);
				PRODUCT_BUNDLE_IDENTIFIER = CodePathProject1.TipAppUITests;
				PRODUCT_NAME = "$(TARGET_NAME)";
				SWIFT_VERSION = 4.0;
				TARGETED_DEVICE_FAMILY = "1,2";
				TEST_TARGET_NAME = TipApp;
			};
			name = Debug;
		};
		DC6D5B9C22078A4300ED3C1E /* Release */ = {
			isa = XCBuildConfiguration;
			buildSettings = {
				ALWAYS_EMBED_SWIFT_STANDARD_LIBRARIES = YES;
				CODE_SIGN_STYLE = Automatic;
				DEVELOPMENT_TEAM = 4JQAZA78RJ;
				INFOPLIST_FILE = TipAppUITests/Info.plist;
				LD_RUNPATH_SEARCH_PATHS = (
					"$(inherited)",
					"@executable_path/Frameworks",
					"@loader_path/Frameworks",
				);
				PRODUCT_BUNDLE_IDENTIFIER = CodePathProject1.TipAppUITests;
				PRODUCT_NAME = "$(TARGET_NAME)";
				SWIFT_VERSION = 4.0;
				TARGETED_DEVICE_FAMILY = "1,2";
				TEST_TARGET_NAME = TipApp;
			};
			name = Release;
		};
/* End XCBuildConfiguration section */

/* Begin XCConfigurationList section */
		DC6D5B6722078A4200ED3C1E /* Build configuration list for PBXProject "TipApp" */ = {
			isa = XCConfigurationList;
			buildConfigurations = (
				DC6D5B9222078A4300ED3C1E /* Debug */,
				DC6D5B9322078A4300ED3C1E /* Release */,
			);
			defaultConfigurationIsVisible = 0;
			defaultConfigurationName = Release;
		};
		DC6D5B9422078A4300ED3C1E /* Build configuration list for PBXNativeTarget "TipApp" */ = {
			isa = XCConfigurationList;
			buildConfigurations = (
				DC6D5B9522078A4300ED3C1E /* Debug */,
				DC6D5B9622078A4300ED3C1E /* Release */,
			);
			defaultConfigurationIsVisible = 0;
			defaultConfigurationName = Release;
		};
		DC6D5B9722078A4300ED3C1E /* Build configuration list for PBXNativeTarget "TipAppTests" */ = {
			isa = XCConfigurationList;
			buildConfigurations = (
				DC6D5B9822078A4300ED3C1E /* Debug */,
				DC6D5B9922078A4300ED3C1E /* Release */,
			);
			defaultConfigurationIsVisible = 0;
			defaultConfigurationName = Release;
		};
		DC6D5B9A22078A4300ED3C1E /* Build configuration list for PBXNativeTarget "TipAppUITests" */ = {
			isa = XCConfigurationList;
			buildConfigurations = (
				DC6D5B9B22078A4300ED3C1E /* Debug */,
				DC6D5B9C22078A4300ED3C1E /* Release */,
			);
			defaultConfigurationIsVisible = 0;
			defaultConfigurationName = Release;
		};
/* End XCConfigurationList section */
	};
	rootObject = DC6D5B6422078A4200ED3C1E /* Project object */;
}
